
Microsoft Visual Studio Solution File, Format Version 12.00
# Visual Studio Version 16
VisualStudioVersion = 16.0.31515.178
MinimumVisualStudioVersion = 10.0.40219.1
Project("{888888A0-9F3D-457C-B088-3A5042F75D52}") = "Course Project Phase 4", "Course Project Phase 4.pyproj", "{90C432AA-05C5-4A09-8A3F-53922AAD5FE9}"
EndProject
Global
	GlobalSection(SolutionConfigurationPlatforms) = preSolution
		Debug|Any CPU = Debug|Any CPU
		Release|Any CPU = Release|Any CPU
	EndGlobalSection
	GlobalSection(ProjectConfigurationPlatforms) = postSolution
		{90C432AA-05C5-4A09-8A3F-53922AAD5FE9}.Debug|Any CPU.ActiveCfg = Debug|Any CPU
		{90C432AA-05C5-4A09-8A3F-53922AAD5FE9}.Release|Any CPU.ActiveCfg = Release|Any CPU
	EndGlobalSection
	GlobalSection(SolutionProperties) = preSolution
		HideSolutionNode = FALSE
	EndGlobalSection
	GlobalSection(ExtensibilityGlobals) = postSolution
		SolutionGuid = {35FDAF10-7E65-424E-8ED1-0A8E2915C0C3}
	EndGlobalSection
EndGlobal
